
Microsoft Visual Studio Solution File, Format Version 12.00
# Visual Studio Version 17
VisualStudioVersion = 17.11.35312.102
MinimumVisualStudioVersion = 10.0.40219.1
Project("{930C7802-8A8C-48F9-8165-68863BCCD9DD}") = "SetupProject1", "SetupProject1\SetupProject1.wixproj", "{3C346E49-EA8E-4961-8CA4-7F11D3A890B0}"
EndProject
Project("{8BC9CEB8-8B4A-11D0-8D11-00A0C91BC942}") = "HelloWorldApp", "HelloWorldApp\HelloWorldApp.vcxproj", "{2EB312E6-43B1-41D2-8CEF-622EC0671EF2}"
EndProject
Global
	GlobalSection(SolutionConfigurationPlatforms) = preSolution
		Debug|Any CPU = Debug|Any CPU
		Debug|x64 = Debug|x64
		Debug|x86 = Debug|x86
		Release|Any CPU = Release|Any CPU
		Release|x64 = Release|x64
		Release|x86 = Release|x86
	EndGlobalSection
	GlobalSection(ProjectConfigurationPlatforms) = postSolution
		{3C346E49-EA8E-4961-8CA4-7F11D3A890B0}.Debug|Any CPU.ActiveCfg = Debug|x64
		{3C346E49-EA8E-4961-8CA4-7F11D3A890B0}.Debug|Any CPU.Build.0 = Debug|x64
		{3C346E49-EA8E-4961-8CA4-7F11D3A890B0}.Debug|x64.ActiveCfg = Debug|x64
		{3C346E49-EA8E-4961-8CA4-7F11D3A890B0}.Debug|x64.Build.0 = Debug|x64
		{3C346E49-EA8E-4961-8CA4-7F11D3A890B0}.Debug|x86.ActiveCfg = Debug|x86
		{3C346E49-EA8E-4961-8CA4-7F11D3A890B0}.Debug|x86.Build.0 = Debug|x86
		{3C346E49-EA8E-4961-8CA4-7F11D3A890B0}.Release|Any CPU.ActiveCfg = Release|x64
		{3C346E49-EA8E-4961-8CA4-7F11D3A890B0}.Release|Any CPU.Build.0 = Release|x64
		{3C346E49-EA8E-4961-8CA4-7F11D3A890B0}.Release|x64.ActiveCfg = Release|x64
		{3C346E49-EA8E-4961-8CA4-7F11D3A890B0}.Release|x64.Build.0 = Release|x64
		{3C346E49-EA8E-4961-8CA4-7F11D3A890B0}.Release|x86.ActiveCfg = Release|x86
		{3C346E49-EA8E-4961-8CA4-7F11D3A890B0}.Release|x86.Build.0 = Release|x86
		{2EB312E6-43B1-41D2-8CEF-622EC0671EF2}.Debug|Any CPU.ActiveCfg = Debug|x64
		{2EB312E6-43B1-41D2-8CEF-622EC0671EF2}.Debug|Any CPU.Build.0 = Debug|x64
		{2EB312E6-43B1-41D2-8CEF-622EC0671EF2}.Debug|x64.ActiveCfg = Debug|x64
		{2EB312E6-43B1-41D2-8CEF-622EC0671EF2}.Debug|x64.Build.0 = Debug|x64
		{2EB312E6-43B1-41D2-8CEF-622EC0671EF2}.Debug|x86.ActiveCfg = Debug|Win32
		{2EB312E6-43B1-41D2-8CEF-622EC0671EF2}.Debug|x86.Build.0 = Debug|Win32
		{2EB312E6-43B1-41D2-8CEF-622EC0671EF2}.Release|Any CPU.ActiveCfg = Release|x64
		{2EB312E6-43B1-41D2-8CEF-622EC0671EF2}.Release|Any CPU.Build.0 = Release|x64
		{2EB312E6-43B1-41D2-8CEF-622EC0671EF2}.Release|x64.ActiveCfg = Release|x64
		{2EB312E6-43B1-41D2-8CEF-622EC0671EF2}.Release|x64.Build.0 = Release|x64
		{2EB312E6-43B1-41D2-8CEF-622EC0671EF2}.Release|x86.ActiveCfg = Release|Win32
		{2EB312E6-43B1-41D2-8CEF-622EC0671EF2}.Release|x86.Build.0 = Release|Win32
	EndGlobalSection
	GlobalSection(SolutionProperties) = preSolution
		HideSolutionNode = FALSE
	EndGlobalSection
	GlobalSection(ExtensibilityGlobals) = postSolution
		SolutionGuid = {CDA58F13-2AB6-4D4B-BFA3-4982D14DA3F5}
	EndGlobalSection
EndGlobal
